
Microsoft Visual Studio Solution File, Format Version 12.00
# Visual Studio Version 16
VisualStudioVersion = 16.0.31702.278
MinimumVisualStudioVersion = 10.0.40219.1
Project("{8BC9CEB8-8B4A-11D0-8D11-00A0C91BC942}") = "06 Contenido", "06 Contenido\06 Contenido.vcxproj", "{56EDCCC4-7943-46C0-805B-E00023CFD5DB}"
EndProject
Global
	GlobalSection(SolutionConfigurationPlatforms) = preSolution
		Debug|x64 = Debug|x64
		Debug|x86 = Debug|x86
		Release|x64 = Release|x64
		Release|x86 = Release|x86
	EndGlobalSection
	GlobalSection(ProjectConfigurationPlatforms) = postSolution
		{56EDCCC4-7943-46C0-805B-E00023CFD5DB}.Debug|x64.ActiveCfg = Debug|x64
		{56EDCCC4-7943-46C0-805B-E00023CFD5DB}.Debug|x64.Build.0 = Debug|x64
		{56EDCCC4-7943-46C0-805B-E00023CFD5DB}.Debug|x86.ActiveCfg = Debug|Win32
		{56EDCCC4-7943-46C0-805B-E00023CFD5DB}.Debug|x86.Build.0 = Debug|Win32
		{56EDCCC4-7943-46C0-805B-E00023CFD5DB}.Release|x64.ActiveCfg = Release|x64
		{56EDCCC4-7943-46C0-805B-E00023CFD5DB}.Release|x64.Build.0 = Release|x64
		{56EDCCC4-7943-46C0-805B-E00023CFD5DB}.Release|x86.ActiveCfg = Release|Win32
		{56EDCCC4-7943-46C0-805B-E00023CFD5DB}.Release|x86.Build.0 = Release|Win32
	EndGlobalSection
	GlobalSection(SolutionProperties) = preSolution
		HideSolutionNode = FALSE
	EndGlobalSection
	GlobalSection(ExtensibilityGlobals) = postSolution
		SolutionGuid = {CCA0433A-1C59-4A8C-BB2C-C68C3CF4826D}
	EndGlobalSection
EndGlobal
