
Microsoft Visual Studio Solution File, Format Version 12.00
# Visual Studio Version 16
VisualStudioVersion = 16.0.29424.173
MinimumVisualStudioVersion = 10.0.40219.1
Project("{8BC9CEB8-8B4A-11D0-8D11-00A0C91BC942}") = "02 Duplicator B", "02 Duplicator B\02 Duplicator B.vcxproj", "{39164C13-CA7D-4947-9C02-EC00F93D3437}"
EndProject
Global
	GlobalSection(SolutionConfigurationPlatforms) = preSolution
		Debug|x64 = Debug|x64
		Debug|x86 = Debug|x86
		Release|x64 = Release|x64
		Release|x86 = Release|x86
	EndGlobalSection
	GlobalSection(ProjectConfigurationPlatforms) = postSolution
		{39164C13-CA7D-4947-9C02-EC00F93D3437}.Debug|x64.ActiveCfg = Debug|x64
		{39164C13-CA7D-4947-9C02-EC00F93D3437}.Debug|x64.Build.0 = Debug|x64
		{39164C13-CA7D-4947-9C02-EC00F93D3437}.Debug|x86.ActiveCfg = Debug|Win32
		{39164C13-CA7D-4947-9C02-EC00F93D3437}.Debug|x86.Build.0 = Debug|Win32
		{39164C13-CA7D-4947-9C02-EC00F93D3437}.Release|x64.ActiveCfg = Release|x64
		{39164C13-CA7D-4947-9C02-EC00F93D3437}.Release|x64.Build.0 = Release|x64
		{39164C13-CA7D-4947-9C02-EC00F93D3437}.Release|x86.ActiveCfg = Release|Win32
		{39164C13-CA7D-4947-9C02-EC00F93D3437}.Release|x86.Build.0 = Release|Win32
	EndGlobalSection
	GlobalSection(SolutionProperties) = preSolution
		HideSolutionNode = FALSE
	EndGlobalSection
	GlobalSection(ExtensibilityGlobals) = postSolution
		SolutionGuid = {67CC192C-D4BC-4E12-9219-601E83D76FB5}
	EndGlobalSection
EndGlobal
